// !$*UTF8*$!
{
	archiveVersion = 1;
	classes = {
	};
	objectVersion = 56;
	objects = {

/* Begin PBXBuildFile section */
		A10000000000000000000001 /* UDLApp.swift in Sources */ = {isa = PBXBuildFile; fileRef = B10000000000000000000001 /* UDLApp.swift */; };
		A10000000000000000000002 /* JSONValue.swift in Sources */ = {isa = PBXBuildFile; fileRef = B10000000000000000000002 /* JSONValue.swift */; };
		A10000000000000000000003 /* WireModels.swift in Sources */ = {isa = PBXBuildFile; fileRef = B10000000000000000000003 /* WireModels.swift */; };
		A10000000000000000000004 /* JSONRPCConnection.swift in Sources */ = {isa = PBXBuildFile; fileRef = B10000000000000000000004 /* JSONRPCConnection.swift */; };
		A10000000000000000000005 /* AgentProcess.swift in Sources */ = {isa = PBXBuildFile; fileRef = B10000000000000000000005 /* AgentProcess.swift */; };
		A10000000000000000000006 /* UDLClient.swift in Sources */ = {isa = PBXBuildFile; fileRef = B10000000000000000000006 /* UDLClient.swift */; };
		A10000000000000000000101 /* PhoneLibraryModels.swift in Sources */ = {isa = PBXBuildFile; fileRef = B10000000000000000000101 /* PhoneLibraryModels.swift */; };
		A10000000000000000000102 /* PhoneLibraryView.swift in Sources */ = {isa = PBXBuildFile; fileRef = B10000000000000000000102 /* PhoneLibraryView.swift */; };
		A10000000000000000000103 /* AppState+PhoneLibrary.swift in Sources */ = {isa = PBXBuildFile; fileRef = B10000000000000000000103 /* AppState+PhoneLibrary.swift */; };
		A10000000000000000000104 /* PhoneLibraryTests.swift in Sources */ = {isa = PBXBuildFile; fileRef = B10000000000000000000104 /* PhoneLibraryTests.swift */; };
		A10000000000000000000201 /* PlaylistErrorSurfacingTests.swift in Sources */ = {isa = PBXBuildFile; fileRef = B10000000000000000000201 /* PlaylistErrorSurfacingTests.swift */; };
		A10000000000000000000007 /* AppState.swift in Sources */ = {isa = PBXBuildFile; fileRef = B10000000000000000000007 /* AppState.swift */; };
		A10000000000000000000009 /* PendingPromptView.swift in Sources */ = {isa = PBXBuildFile; fileRef = B10000000000000000000009 /* PendingPromptView.swift */; };
		A1000000000000000000000A /* DoctorView.swift in Sources */ = {isa = PBXBuildFile; fileRef = B1000000000000000000000A /* DoctorView.swift */; };
		A1000000000000000000000B /* CredentialsView.swift in Sources */ = {isa = PBXBuildFile; fileRef = B1000000000000000000000B /* CredentialsView.swift */; };
		A1000000000000000000000C /* JSONRPCConnectionTests.swift in Sources */ = {isa = PBXBuildFile; fileRef = B1000000000000000000000C /* JSONRPCConnectionTests.swift */; };
		A1000000000000000000000D /* WireModelTests.swift in Sources */ = {isa = PBXBuildFile; fileRef = B1000000000000000000000D /* WireModelTests.swift */; };
		A1000000000000000000000E /* AgentProcessTests.swift in Sources */ = {isa = PBXBuildFile; fileRef = B1000000000000000000000E /* AgentProcessTests.swift */; };
		A10000000000000000000011 /* SyncModels.swift in Sources */ = {isa = PBXBuildFile; fileRef = B10000000000000000000011 /* SyncModels.swift */; };
		A10000000000000000000012 /* SyncView.swift in Sources */ = {isa = PBXBuildFile; fileRef = B10000000000000000000012 /* SyncView.swift */; };
		A10000000000000000000013 /* PlaylistModels.swift in Sources */ = {isa = PBXBuildFile; fileRef = B10000000000000000000013 /* PlaylistModels.swift */; };
		A10000000000000000000014 /* PlaylistsView.swift in Sources */ = {isa = PBXBuildFile; fileRef = B10000000000000000000014 /* PlaylistsView.swift */; };
		A10000000000000000000015 /* FreeDLModels.swift in Sources */ = {isa = PBXBuildFile; fileRef = B10000000000000000000015 /* FreeDLModels.swift */; };
		A10000000000000000000016 /* FreeDLView.swift in Sources */ = {isa = PBXBuildFile; fileRef = B10000000000000000000016 /* FreeDLView.swift */; };
		A10000000000000000000017 /* RekordboxModels.swift in Sources */ = {isa = PBXBuildFile; fileRef = B10000000000000000000017 /* RekordboxModels.swift */; };
		A10000000000000000000018 /* RekordboxView.swift in Sources */ = {isa = PBXBuildFile; fileRef = B10000000000000000000018 /* RekordboxView.swift */; };
		A10000000000000000000019 /* ConfigModels.swift in Sources */ = {isa = PBXBuildFile; fileRef = B10000000000000000000019 /* ConfigModels.swift */; };
		A1000000000000000000001A /* ConfigEditorView.swift in Sources */ = {isa = PBXBuildFile; fileRef = B1000000000000000000001A /* ConfigEditorView.swift */; };
		A1000000000000000000001B /* OnboardingView.swift in Sources */ = {isa = PBXBuildFile; fileRef = B1000000000000000000001B /* OnboardingView.swift */; };
		A10000000000000000000020 /* Theme.swift in Sources */ = {isa = PBXBuildFile; fileRef = B10000000000000000000020 /* Theme.swift */; };
		A10000000000000000000021 /* Metrics.swift in Sources */ = {isa = PBXBuildFile; fileRef = B10000000000000000000021 /* Metrics.swift */; };
		A10000000000000000000022 /* StatusPill.swift in Sources */ = {isa = PBXBuildFile; fileRef = B10000000000000000000022 /* StatusPill.swift */; };
		A10000000000000000000023 /* SeverityBadge.swift in Sources */ = {isa = PBXBuildFile; fileRef = B10000000000000000000023 /* SeverityBadge.swift */; };
		A10000000000000000000024 /* ConstraintNote.swift in Sources */ = {isa = PBXBuildFile; fileRef = B10000000000000000000024 /* ConstraintNote.swift */; };
		A10000000000000000000025 /* LifecycleChip.swift in Sources */ = {isa = PBXBuildFile; fileRef = B10000000000000000000025 /* LifecycleChip.swift */; };
		A10000000000000000000026 /* WaitingBanner.swift in Sources */ = {isa = PBXBuildFile; fileRef = B10000000000000000000026 /* WaitingBanner.swift */; };
		A10000000000000000000027 /* SourceGlyph.swift in Sources */ = {isa = PBXBuildFile; fileRef = B10000000000000000000027 /* SourceGlyph.swift */; };
		A10000000000000000000028 /* Callout.swift in Sources */ = {isa = PBXBuildFile; fileRef = B10000000000000000000028 /* Callout.swift */; };
		A10000000000000000000029 /* Cards.swift in Sources */ = {isa = PBXBuildFile; fileRef = B10000000000000000000029 /* Cards.swift */; };
		A1000000000000000000002A /* EmptyStateView.swift in Sources */ = {isa = PBXBuildFile; fileRef = B1000000000000000000002A /* EmptyStateView.swift */; };
		A1000000000000000000002B /* PathField.swift in Sources */ = {isa = PBXBuildFile; fileRef = B1000000000000000000002B /* PathField.swift */; };
		A1000000000000000000002C /* StatusBar.swift in Sources */ = {isa = PBXBuildFile; fileRef = B1000000000000000000002C /* StatusBar.swift */; };
		A1000000000000000000002D /* ShellChrome.swift in Sources */ = {isa = PBXBuildFile; fileRef = B1000000000000000000002D /* ShellChrome.swift */; };
		A1000000000000000000002E /* SidebarView.swift in Sources */ = {isa = PBXBuildFile; fileRef = B1000000000000000000002E /* SidebarView.swift */; };
		A1000000000000000000002F /* AppShellView.swift in Sources */ = {isa = PBXBuildFile; fileRef = B1000000000000000000002F /* AppShellView.swift */; };
		A10000000000000000000030 /* ToolbarModifier.swift in Sources */ = {isa = PBXBuildFile; fileRef = B10000000000000000000030 /* ToolbarModifier.swift */; };
		A10000000000000000000031 /* SettingsView.swift in Sources */ = {isa = PBXBuildFile; fileRef = B10000000000000000000031 /* SettingsView.swift */; };
		A10000000000000000000032 /* HomeView.swift in Sources */ = {isa = PBXBuildFile; fileRef = B10000000000000000000032 /* HomeView.swift */; };
		A10000000000000000000034 /* SyncRunView.swift in Sources */ = {isa = PBXBuildFile; fileRef = B10000000000000000000034 /* SyncRunView.swift */; };
		A10000000000000000000033 /* SyncPlanView.swift in Sources */ = {isa = PBXBuildFile; fileRef = B10000000000000000000033 /* SyncPlanView.swift */; };
		A10000000000000000000037 /* BoundedContent.swift in Sources */ = {isa = PBXBuildFile; fileRef = B10000000000000000000037 /* BoundedContent.swift */; };
		A10000000000000000000036 /* CredentialModels.swift in Sources */ = {isa = PBXBuildFile; fileRef = B10000000000000000000036 /* CredentialModels.swift */; };
		A10000000000000000000035 /* DoctorModels.swift in Sources */ = {isa = PBXBuildFile; fileRef = B10000000000000000000035 /* DoctorModels.swift */; };
		A10000000000000000000038 /* FreeDLPhaseBar.swift in Sources */ = {isa = PBXBuildFile; fileRef = B10000000000000000000038 /* FreeDLPhaseBar.swift */; };
		A10000000000000000000039 /* FreeDLJobForm.swift in Sources */ = {isa = PBXBuildFile; fileRef = B10000000000000000000039 /* FreeDLJobForm.swift */; };
		A1000000000000000000003A /* RekordboxConfigEditor.swift in Sources */ = {isa = PBXBuildFile; fileRef = B1000000000000000000003A /* RekordboxConfigEditor.swift */; };
		A100000000000000000003B /* MusicDuration.swift in Sources */ = {isa = PBXBuildFile; fileRef = B100000000000000000003B /* MusicDuration.swift */; };
		A100000000000000000003C /* PlaylistDefinitionEditor.swift in Sources */ = {isa = PBXBuildFile; fileRef = B100000000000000000003C /* PlaylistDefinitionEditor.swift */; };
		A100000000000000000003D /* ConfigDraft.swift in Sources */ = {isa = PBXBuildFile; fileRef = B100000000000000000003D /* ConfigDraft.swift */; };
		A100000000000000000003E /* ConfigSourceForm.swift in Sources */ = {isa = PBXBuildFile; fileRef = B100000000000000000003E /* ConfigSourceForm.swift */; };
		A100000000000000000003F /* SourceEditorView.swift in Sources */ = {isa = PBXBuildFile; fileRef = B100000000000000000003F /* SourceEditorView.swift */; };
/* End PBXBuildFile section */

/* Begin PBXContainerItemProxy section */
		C10000000000000000000001 /* PBXContainerItemProxy */ = {
			isa = PBXContainerItemProxy;
			containerPortal = D10000000000000000000001 /* Project object */;
			proxyType = 1;
			remoteGlobalIDString = D10000000000000000000002;
			remoteInfo = UDL;
		};
/* End PBXContainerItemProxy section */

/* Begin PBXFileReference section */
		B10000000000000000000001 /* UDLApp.swift */ = {isa = PBXFileReference; lastKnownFileType = sourcecode.swift; path = UDLApp.swift; sourceTree = "<group>"; };
		B10000000000000000000002 /* JSONValue.swift */ = {isa = PBXFileReference; lastKnownFileType = sourcecode.swift; path = Backend/JSONValue.swift; sourceTree = "<group>"; };
		B10000000000000000000003 /* WireModels.swift */ = {isa = PBXFileReference; lastKnownFileType = sourcecode.swift; path = Backend/Wire/WireModels.swift; sourceTree = "<group>"; };
		B10000000000000000000004 /* JSONRPCConnection.swift */ = {isa = PBXFileReference; lastKnownFileType = sourcecode.swift; path = Backend/JSONRPCConnection.swift; sourceTree = "<group>"; };
		B10000000000000000000005 /* AgentProcess.swift */ = {isa = PBXFileReference; lastKnownFileType = sourcecode.swift; path = Backend/AgentProcess.swift; sourceTree = "<group>"; };
		B10000000000000000000006 /* UDLClient.swift */ = {isa = PBXFileReference; lastKnownFileType = sourcecode.swift; path = Backend/UDLClient.swift; sourceTree = "<group>"; };
		B10000000000000000000101 /* PhoneLibraryModels.swift */ = {isa = PBXFileReference; lastKnownFileType = sourcecode.swift; path = Features/PhoneLibrary/PhoneLibraryModels.swift; sourceTree = "<group>"; };
		B10000000000000000000102 /* PhoneLibraryView.swift */ = {isa = PBXFileReference; lastKnownFileType = sourcecode.swift; path = Features/PhoneLibrary/PhoneLibraryView.swift; sourceTree = "<group>"; };
		B10000000000000000000103 /* AppState+PhoneLibrary.swift */ = {isa = PBXFileReference; lastKnownFileType = sourcecode.swift; path = Model/AppState+PhoneLibrary.swift; sourceTree = "<group>"; };
		B10000000000000000000104 /* PhoneLibraryTests.swift */ = {isa = PBXFileReference; lastKnownFileType = sourcecode.swift; path = PhoneLibraryTests.swift; sourceTree = "<group>"; };
		B10000000000000000000201 /* PlaylistErrorSurfacingTests.swift */ = {isa = PBXFileReference; lastKnownFileType = sourcecode.swift; path = PlaylistErrorSurfacingTests.swift; sourceTree = "<group>"; };
		B10000000000000000000007 /* AppState.swift */ = {isa = PBXFileReference; lastKnownFileType = sourcecode.swift; path = Model/AppState.swift; sourceTree = "<group>"; };
		B10000000000000000000009 /* PendingPromptView.swift */ = {isa = PBXFileReference; lastKnownFileType = sourcecode.swift; path = Features/Home/PendingPromptView.swift; sourceTree = "<group>"; };
		B1000000000000000000000A /* DoctorView.swift */ = {isa = PBXFileReference; lastKnownFileType = sourcecode.swift; path = Features/Doctor/DoctorView.swift; sourceTree = "<group>"; };
		B1000000000000000000000B /* CredentialsView.swift */ = {isa = PBXFileReference; lastKnownFileType = sourcecode.swift; path = Features/Credentials/CredentialsView.swift; sourceTree = "<group>"; };
		B1000000000000000000000C /* JSONRPCConnectionTests.swift */ = {isa = PBXFileReference; lastKnownFileType = sourcecode.swift; path = JSONRPCConnectionTests.swift; sourceTree = "<group>"; };
		B1000000000000000000000D /* WireModelTests.swift */ = {isa = PBXFileReference; lastKnownFileType = sourcecode.swift; path = WireModelTests.swift; sourceTree = "<group>"; };
		B1000000000000000000000E /* AgentProcessTests.swift */ = {isa = PBXFileReference; lastKnownFileType = sourcecode.swift; path = AgentProcessTests.swift; sourceTree = "<group>"; };
		B1000000000000000000000F /* UDL.app */ = {isa = PBXFileReference; explicitFileType = wrapper.application; includeInIndex = 0; path = UDL.app; sourceTree = BUILT_PRODUCTS_DIR; };
		B10000000000000000000010 /* UDLTests.xctest */ = {isa = PBXFileReference; explicitFileType = wrapper.cfbundle; includeInIndex = 0; path = UDLTests.xctest; sourceTree = BUILT_PRODUCTS_DIR; };
		B10000000000000000000011 /* SyncModels.swift */ = {isa = PBXFileReference; lastKnownFileType = sourcecode.swift; path = Features/Sync/SyncModels.swift; sourceTree = "<group>"; };
		B10000000000000000000012 /* SyncView.swift */ = {isa = PBXFileReference; lastKnownFileType = sourcecode.swift; path = Features/Sync/SyncView.swift; sourceTree = "<group>"; };
		B10000000000000000000013 /* PlaylistModels.swift */ = {isa = PBXFileReference; lastKnownFileType = sourcecode.swift; path = Features/Playlists/PlaylistModels.swift; sourceTree = "<group>"; };
		B10000000000000000000014 /* PlaylistsView.swift */ = {isa = PBXFileReference; lastKnownFileType = sourcecode.swift; path = Features/Playlists/PlaylistsView.swift; sourceTree = "<group>"; };
		B10000000000000000000015 /* FreeDLModels.swift */ = {isa = PBXFileReference; lastKnownFileType = sourcecode.swift; path = Features/FreeDL/FreeDLModels.swift; sourceTree = "<group>"; };
		B10000000000000000000016 /* FreeDLView.swift */ = {isa = PBXFileReference; lastKnownFileType = sourcecode.swift; path = Features/FreeDL/FreeDLView.swift; sourceTree = "<group>"; };
		B10000000000000000000017 /* RekordboxModels.swift */ = {isa = PBXFileReference; lastKnownFileType = sourcecode.swift; path = Features/Rekordbox/RekordboxModels.swift; sourceTree = "<group>"; };
		B10000000000000000000018 /* RekordboxView.swift */ = {isa = PBXFileReference; lastKnownFileType = sourcecode.swift; path = Features/Rekordbox/RekordboxView.swift; sourceTree = "<group>"; };
		B10000000000000000000019 /* ConfigModels.swift */ = {isa = PBXFileReference; lastKnownFileType = sourcecode.swift; path = Features/ConfigEditor/ConfigModels.swift; sourceTree = "<group>"; };
		B1000000000000000000001A /* ConfigEditorView.swift */ = {isa = PBXFileReference; lastKnownFileType = sourcecode.swift; path = Features/ConfigEditor/ConfigEditorView.swift; sourceTree = "<group>"; };
		B1000000000000000000001B /* OnboardingView.swift */ = {isa = PBXFileReference; lastKnownFileType = sourcecode.swift; path = Features/Onboarding/OnboardingView.swift; sourceTree = "<group>"; };
		B10000000000000000000020 /* Theme.swift */ = {isa = PBXFileReference; lastKnownFileType = sourcecode.swift; path = DesignSystem/Theme.swift; sourceTree = "<group>"; };
		B10000000000000000000021 /* Metrics.swift */ = {isa = PBXFileReference; lastKnownFileType = sourcecode.swift; path = DesignSystem/Metrics.swift; sourceTree = "<group>"; };
		B10000000000000000000022 /* StatusPill.swift */ = {isa = PBXFileReference; lastKnownFileType = sourcecode.swift; path = DesignSystem/StatusPill.swift; sourceTree = "<group>"; };
		B10000000000000000000023 /* SeverityBadge.swift */ = {isa = PBXFileReference; lastKnownFileType = sourcecode.swift; path = DesignSystem/SeverityBadge.swift; sourceTree = "<group>"; };
		B10000000000000000000024 /* ConstraintNote.swift */ = {isa = PBXFileReference; lastKnownFileType = sourcecode.swift; path = DesignSystem/ConstraintNote.swift; sourceTree = "<group>"; };
		B10000000000000000000025 /* LifecycleChip.swift */ = {isa = PBXFileReference; lastKnownFileType = sourcecode.swift; path = DesignSystem/LifecycleChip.swift; sourceTree = "<group>"; };
		B10000000000000000000026 /* WaitingBanner.swift */ = {isa = PBXFileReference; lastKnownFileType = sourcecode.swift; path = DesignSystem/WaitingBanner.swift; sourceTree = "<group>"; };
		B10000000000000000000027 /* SourceGlyph.swift */ = {isa = PBXFileReference; lastKnownFileType = sourcecode.swift; path = DesignSystem/SourceGlyph.swift; sourceTree = "<group>"; };
		B10000000000000000000028 /* Callout.swift */ = {isa = PBXFileReference; lastKnownFileType = sourcecode.swift; path = DesignSystem/Callout.swift; sourceTree = "<group>"; };
		B10000000000000000000029 /* Cards.swift */ = {isa = PBXFileReference; lastKnownFileType = sourcecode.swift; path = DesignSystem/Cards.swift; sourceTree = "<group>"; };
		B1000000000000000000002A /* EmptyStateView.swift */ = {isa = PBXFileReference; lastKnownFileType = sourcecode.swift; path = DesignSystem/EmptyStateView.swift; sourceTree = "<group>"; };
		B1000000000000000000002B /* PathField.swift */ = {isa = PBXFileReference; lastKnownFileType = sourcecode.swift; path = DesignSystem/PathField.swift; sourceTree = "<group>"; };
		B1000000000000000000002C /* StatusBar.swift */ = {isa = PBXFileReference; lastKnownFileType = sourcecode.swift; path = DesignSystem/StatusBar.swift; sourceTree = "<group>"; };
		B1000000000000000000002D /* ShellChrome.swift */ = {isa = PBXFileReference; lastKnownFileType = sourcecode.swift; path = Features/Shell/ShellChrome.swift; sourceTree = "<group>"; };
		B1000000000000000000002E /* SidebarView.swift */ = {isa = PBXFileReference; lastKnownFileType = sourcecode.swift; path = Features/Shell/SidebarView.swift; sourceTree = "<group>"; };
		B1000000000000000000002F /* AppShellView.swift */ = {isa = PBXFileReference; lastKnownFileType = sourcecode.swift; path = Features/Shell/AppShellView.swift; sourceTree = "<group>"; };
		B10000000000000000000030 /* ToolbarModifier.swift */ = {isa = PBXFileReference; lastKnownFileType = sourcecode.swift; path = Features/Shell/ToolbarModifier.swift; sourceTree = "<group>"; };
		B10000000000000000000031 /* SettingsView.swift */ = {isa = PBXFileReference; lastKnownFileType = sourcecode.swift; path = Features/Settings/SettingsView.swift; sourceTree = "<group>"; };
		B10000000000000000000032 /* HomeView.swift */ = {isa = PBXFileReference; lastKnownFileType = sourcecode.swift; path = Features/Home/HomeView.swift; sourceTree = "<group>"; };
		B10000000000000000000034 /* SyncRunView.swift */ = {isa = PBXFileReference; lastKnownFileType = sourcecode.swift; path = Features/Sync/SyncRunView.swift; sourceTree = "<group>"; };
		B10000000000000000000033 /* SyncPlanView.swift */ = {isa = PBXFileReference; lastKnownFileType = sourcecode.swift; path = Features/Sync/SyncPlanView.swift; sourceTree = "<group>"; };
		B10000000000000000000037 /* BoundedContent.swift */ = {isa = PBXFileReference; lastKnownFileType = sourcecode.swift; path = DesignSystem/BoundedContent.swift; sourceTree = "<group>"; };
		B10000000000000000000036 /* CredentialModels.swift */ = {isa = PBXFileReference; lastKnownFileType = sourcecode.swift; path = Features/Credentials/CredentialModels.swift; sourceTree = "<group>"; };
		B10000000000000000000035 /* DoctorModels.swift */ = {isa = PBXFileReference; lastKnownFileType = sourcecode.swift; path = Features/Doctor/DoctorModels.swift; sourceTree = "<group>"; };
		B10000000000000000000038 /* FreeDLPhaseBar.swift */ = {isa = PBXFileReference; lastKnownFileType = sourcecode.swift; path = Features/FreeDL/FreeDLPhaseBar.swift; sourceTree = "<group>"; };
		B10000000000000000000039 /* FreeDLJobForm.swift */ = {isa = PBXFileReference; lastKnownFileType = sourcecode.swift; path = Features/FreeDL/FreeDLJobForm.swift; sourceTree = "<group>"; };
		B1000000000000000000003A /* RekordboxConfigEditor.swift */ = {isa = PBXFileReference; lastKnownFileType = sourcecode.swift; path = Features/Rekordbox/RekordboxConfigEditor.swift; sourceTree = "<group>"; };
		B100000000000000000003B /* MusicDuration.swift */ = {isa = PBXFileReference; lastKnownFileType = sourcecode.swift; path = DesignSystem/MusicDuration.swift; sourceTree = "<group>"; };
		B100000000000000000003C /* PlaylistDefinitionEditor.swift */ = {isa = PBXFileReference; lastKnownFileType = sourcecode.swift; path = Features/Playlists/PlaylistDefinitionEditor.swift; sourceTree = "<group>"; };
		B100000000000000000003D /* ConfigDraft.swift */ = {isa = PBXFileReference; lastKnownFileType = sourcecode.swift; path = Features/ConfigEditor/ConfigDraft.swift; sourceTree = "<group>"; };
		B100000000000000000003E /* ConfigSourceForm.swift */ = {isa = PBXFileReference; lastKnownFileType = sourcecode.swift; path = Features/ConfigEditor/ConfigSourceForm.swift; sourceTree = "<group>"; };
		B100000000000000000003F /* SourceEditorView.swift */ = {isa = PBXFileReference; lastKnownFileType = sourcecode.swift; path = Features/ConfigEditor/SourceEditorView.swift; sourceTree = "<group>"; };
/* End PBXFileReference section */

/* Begin PBXFrameworksBuildPhase section */
		E10000000000000000000001 /* Frameworks */ = {isa = PBXFrameworksBuildPhase; buildActionMask = 2147483647; files = (); runOnlyForDeploymentPostprocessing = 0; };
		E10000000000000000000002 /* Frameworks */ = {isa = PBXFrameworksBuildPhase; buildActionMask = 2147483647; files = (); runOnlyForDeploymentPostprocessing = 0; };
/* End PBXFrameworksBuildPhase section */

/* Begin PBXGroup section */
		F10000000000000000000001 = {
			isa = PBXGroup;
			children = (
				F10000000000000000000002 /* UDL */,
				F10000000000000000000003 /* UDLTests */,
				F10000000000000000000004 /* Products */,
			);
			sourceTree = "<group>";
		};
		F10000000000000000000002 /* UDL */ = {
			isa = PBXGroup;
			children = (
				B10000000000000000000001 /* UDLApp.swift */,
				B10000000000000000000002 /* JSONValue.swift */,
				B10000000000000000000003 /* WireModels.swift */,
				B10000000000000000000004 /* JSONRPCConnection.swift */,
				B10000000000000000000005 /* AgentProcess.swift */,
				B10000000000000000000006 /* UDLClient.swift */,
				B10000000000000000000007 /* AppState.swift */,
				B10000000000000000000103 /* AppState+PhoneLibrary.swift */,
				B10000000000000000000101 /* PhoneLibraryModels.swift */,
				B10000000000000000000102 /* PhoneLibraryView.swift */,
						B10000000000000000000009 /* PendingPromptView.swift */,
				B1000000000000000000000A /* DoctorView.swift */,
				B1000000000000000000000B /* CredentialsView.swift */,
				B10000000000000000000011 /* SyncModels.swift */,
				B10000000000000000000012 /* SyncView.swift */,
				B10000000000000000000013 /* PlaylistModels.swift */,
				B10000000000000000000014 /* PlaylistsView.swift */,
				B10000000000000000000015 /* FreeDLModels.swift */,
				B10000000000000000000016 /* FreeDLView.swift */,
				B10000000000000000000017 /* RekordboxModels.swift */,
				B10000000000000000000018 /* RekordboxView.swift */,
				B10000000000000000000019 /* ConfigModels.swift */,
				B1000000000000000000001A /* ConfigEditorView.swift */,
				B1000000000000000000001B /* OnboardingView.swift */,
				B10000000000000000000020 /* Theme.swift */,
				B10000000000000000000021 /* Metrics.swift */,
				B10000000000000000000022 /* StatusPill.swift */,
				B10000000000000000000023 /* SeverityBadge.swift */,
				B10000000000000000000024 /* ConstraintNote.swift */,
				B10000000000000000000025 /* LifecycleChip.swift */,
				B10000000000000000000026 /* WaitingBanner.swift */,
				B10000000000000000000027 /* SourceGlyph.swift */,
				B10000000000000000000028 /* Callout.swift */,
				B10000000000000000000029 /* Cards.swift */,
				B1000000000000000000002A /* EmptyStateView.swift */,
				B1000000000000000000002B /* PathField.swift */,
				B1000000000000000000002C /* StatusBar.swift */,
				B1000000000000000000002D /* ShellChrome.swift */,
				B1000000000000000000002E /* SidebarView.swift */,
				B1000000000000000000002F /* AppShellView.swift */,
				B10000000000000000000030 /* ToolbarModifier.swift */,
				B10000000000000000000031 /* SettingsView.swift */,
				B10000000000000000000032 /* HomeView.swift */,
				B10000000000000000000034 /* SyncRunView.swift */,
				B10000000000000000000033 /* SyncPlanView.swift */,
				B10000000000000000000037 /* BoundedContent.swift */,
				B10000000000000000000036 /* CredentialModels.swift */,
				B10000000000000000000035 /* DoctorModels.swift */,
				B10000000000000000000038 /* FreeDLPhaseBar.swift */,
				B10000000000000000000039 /* FreeDLJobForm.swift */,
				B1000000000000000000003A /* RekordboxConfigEditor.swift */,
				B100000000000000000003B /* MusicDuration.swift */,
				B100000000000000000003C /* PlaylistDefinitionEditor.swift */,
				B100000000000000000003D /* ConfigDraft.swift */,
				B100000000000000000003E /* ConfigSourceForm.swift */,
				B100000000000000000003F /* SourceEditorView.swift */,
			);
			path = UDL;
			sourceTree = "<group>";
		};
		F10000000000000000000003 /* UDLTests */ = {
			isa = PBXGroup;
			children = (
				B1000000000000000000000C /* JSONRPCConnectionTests.swift */,
				B1000000000000000000000D /* WireModelTests.swift */,
				B10000000000000000000104 /* PhoneLibraryTests.swift */,
				B10000000000000000000201 /* PlaylistErrorSurfacingTests.swift */,
				B1000000000000000000000E /* AgentProcessTests.swift */,
			);
			path = UDLTests;
			sourceTree = "<group>";
		};
		F10000000000000000000004 /* Products */ = {
			isa = PBXGroup;
			children = (
				B1000000000000000000000F /* UDL.app */,
				B10000000000000000000010 /* UDLTests.xctest */,
			);
			name = Products;
			sourceTree = "<group>";
		};
/* End PBXGroup section */

/* Begin PBXNativeTarget section */
		D10000000000000000000002 /* UDL */ = {
			isa = PBXNativeTarget;
			buildConfigurationList = D10000000000000000000006 /* Build configuration list for PBXNativeTarget "UDL" */;
			buildPhases = (
				E10000000000000000000003 /* Sources */,
				E10000000000000000000001 /* Frameworks */,
				E10000000000000000000005 /* Resources */,
				E10000000000000000000007 /* Embed udl backend */,
			);
			buildRules = ();
			dependencies = ();
			name = UDL;
			productName = UDL;
			productReference = B1000000000000000000000F /* UDL.app */;
			productType = "com.apple.product-type.application";
		};
		D10000000000000000000003 /* UDLTests */ = {
			isa = PBXNativeTarget;
			buildConfigurationList = D10000000000000000000007 /* Build configuration list for PBXNativeTarget "UDLTests" */;
			buildPhases = (
				E10000000000000000000004 /* Sources */,
				E10000000000000000000002 /* Frameworks */,
				E10000000000000000000006 /* Resources */,
			);
			buildRules = ();
			dependencies = (
				C10000000000000000000002 /* PBXTargetDependency */,
			);
			name = UDLTests;
			productName = UDLTests;
			productReference = B10000000000000000000010 /* UDLTests.xctest */;
			productType = "com.apple.product-type.bundle.unit-test";
		};
/* End PBXNativeTarget section */

/* Begin PBXProject section */
		D10000000000000000000001 /* Project object */ = {
			isa = PBXProject;
			attributes = {
				BuildIndependentTargetsInParallel = 1;
				LastSwiftUpdateCheck = 2600;
				LastUpgradeCheck = 2600;
				TargetAttributes = {
					D10000000000000000000002 = { CreatedOnToolsVersion = 26.0; };
					D10000000000000000000003 = { CreatedOnToolsVersion = 26.0; TestTargetID = D10000000000000000000002; };
				};
			};
			buildConfigurationList = D10000000000000000000005 /* Build configuration list for PBXProject "UDL" */;
			compatibilityVersion = "Xcode 14.0";
			developmentRegion = en;
			hasScannedForEncodings = 0;
			knownRegions = (en, Base);
			mainGroup = F10000000000000000000001;
			productRefGroup = F10000000000000000000004 /* Products */;
			projectDirPath = "";
			projectRoot = "";
			targets = (
				D10000000000000000000002 /* UDL */,
				D10000000000000000000003 /* UDLTests */,
			);
		};
/* End PBXProject section */

/* Begin PBXResourcesBuildPhase section */
		E10000000000000000000005 /* Resources */ = {isa = PBXResourcesBuildPhase; buildActionMask = 2147483647; files = (); runOnlyForDeploymentPostprocessing = 0; };
		E10000000000000000000006 /* Resources */ = {isa = PBXResourcesBuildPhase; buildActionMask = 2147483647; files = (); runOnlyForDeploymentPostprocessing = 0; };
/* End PBXResourcesBuildPhase section */

/* Begin PBXShellScriptBuildPhase section */
		E10000000000000000000007 /* Embed udl backend */ = {
			isa = PBXShellScriptBuildPhase;
			alwaysOutOfDate = 1;
			buildActionMask = 2147483647;
			files = ();
			inputPaths = ();
			name = "Embed udl backend";
			outputPaths = ("$(TARGET_BUILD_DIR)/$(UNLOCALIZED_RESOURCES_FOLDER_PATH)/udl");
			runOnlyForDeploymentPostprocessing = 0;
			shellPath = /bin/sh;
			shellScript = "set -eu\nsource_bin=\"${UDL_EMBEDDED_BINARY:-${PROJECT_DIR}/../bin/udl}\"\nif [ ! -x \"$source_bin\" ]; then\n  echo \"error: build udl first or set UDL_EMBEDDED_BINARY\" >&2\n  exit 1\nfi\ndestination=\"${TARGET_BUILD_DIR}/${UNLOCALIZED_RESOURCES_FOLDER_PATH}/udl\"\nmkdir -p \"$(dirname \"$destination\")\"\ncp \"$source_bin\" \"$destination\"\nchmod 755 \"$destination\"\n";
		};
/* End PBXShellScriptBuildPhase section */

/* Begin PBXSourcesBuildPhase section */
		E10000000000000000000003 /* Sources */ = {
			isa = PBXSourcesBuildPhase;
			buildActionMask = 2147483647;
			files = (
				A10000000000000000000001 /* UDLApp.swift in Sources */,
				A10000000000000000000002 /* JSONValue.swift in Sources */,
				A10000000000000000000003 /* WireModels.swift in Sources */,
				A10000000000000000000004 /* JSONRPCConnection.swift in Sources */,
				A10000000000000000000005 /* AgentProcess.swift in Sources */,
				A10000000000000000000006 /* UDLClient.swift in Sources */,
				A10000000000000000000007 /* AppState.swift in Sources */,
				A10000000000000000000103 /* AppState+PhoneLibrary.swift in Sources */,
				A10000000000000000000101 /* PhoneLibraryModels.swift in Sources */,
				A10000000000000000000102 /* PhoneLibraryView.swift in Sources */,
				A10000000000000000000009 /* PendingPromptView.swift in Sources */,
				A1000000000000000000000A /* DoctorView.swift in Sources */,
				A1000000000000000000000B /* CredentialsView.swift in Sources */,
				A10000000000000000000011 /* SyncModels.swift in Sources */,
				A10000000000000000000012 /* SyncView.swift in Sources */,
				A10000000000000000000013 /* PlaylistModels.swift in Sources */,
				A10000000000000000000014 /* PlaylistsView.swift in Sources */,
				A10000000000000000000015 /* FreeDLModels.swift in Sources */,
				A10000000000000000000016 /* FreeDLView.swift in Sources */,
				A10000000000000000000017 /* RekordboxModels.swift in Sources */,
				A10000000000000000000018 /* RekordboxView.swift in Sources */,
				A10000000000000000000019 /* ConfigModels.swift in Sources */,
				A1000000000000000000001A /* ConfigEditorView.swift in Sources */,
				A1000000000000000000001B /* OnboardingView.swift in Sources */,
				A10000000000000000000020 /* Theme.swift in Sources */,
				A10000000000000000000021 /* Metrics.swift in Sources */,
				A10000000000000000000022 /* StatusPill.swift in Sources */,
				A10000000000000000000023 /* SeverityBadge.swift in Sources */,
				A10000000000000000000024 /* ConstraintNote.swift in Sources */,
				A10000000000000000000025 /* LifecycleChip.swift in Sources */,
				A10000000000000000000026 /* WaitingBanner.swift in Sources */,
				A10000000000000000000027 /* SourceGlyph.swift in Sources */,
				A10000000000000000000028 /* Callout.swift in Sources */,
				A10000000000000000000029 /* Cards.swift in Sources */,
				A1000000000000000000002A /* EmptyStateView.swift in Sources */,
				A1000000000000000000002B /* PathField.swift in Sources */,
				A1000000000000000000002C /* StatusBar.swift in Sources */,
				A1000000000000000000002D /* ShellChrome.swift in Sources */,
				A1000000000000000000002E /* SidebarView.swift in Sources */,
				A1000000000000000000002F /* AppShellView.swift in Sources */,
				A10000000000000000000030 /* ToolbarModifier.swift in Sources */,
				A10000000000000000000031 /* SettingsView.swift in Sources */,
				A10000000000000000000032 /* HomeView.swift in Sources */,
				A10000000000000000000034 /* SyncRunView.swift in Sources */,
				A10000000000000000000033 /* SyncPlanView.swift in Sources */,
				A10000000000000000000037 /* BoundedContent.swift in Sources */,
				A10000000000000000000036 /* CredentialModels.swift in Sources */,
				A10000000000000000000035 /* DoctorModels.swift in Sources */,
				A10000000000000000000038 /* FreeDLPhaseBar.swift in Sources */,
				A10000000000000000000039 /* FreeDLJobForm.swift in Sources */,
				A1000000000000000000003A /* RekordboxConfigEditor.swift in Sources */,
				A100000000000000000003B /* MusicDuration.swift in Sources */,
				A100000000000000000003C /* PlaylistDefinitionEditor.swift in Sources */,
				A100000000000000000003D /* ConfigDraft.swift in Sources */,
				A100000000000000000003E /* ConfigSourceForm.swift in Sources */,
				A100000000000000000003F /* SourceEditorView.swift in Sources */,
			);
			runOnlyForDeploymentPostprocessing = 0;
		};
		E10000000000000000000004 /* Sources */ = {
			isa = PBXSourcesBuildPhase;
			buildActionMask = 2147483647;
			files = (
				A1000000000000000000000C /* JSONRPCConnectionTests.swift in Sources */,
				A1000000000000000000000D /* WireModelTests.swift in Sources */,
				A10000000000000000000104 /* PhoneLibraryTests.swift in Sources */,
				A10000000000000000000201 /* PlaylistErrorSurfacingTests.swift in Sources */,
				A1000000000000000000000E /* AgentProcessTests.swift in Sources */,
			);
			runOnlyForDeploymentPostprocessing = 0;
		};
/* End PBXSourcesBuildPhase section */

/* Begin PBXTargetDependency section */
		C10000000000000000000002 /* PBXTargetDependency */ = {isa = PBXTargetDependency; target = D10000000000000000000002 /* UDL */; targetProxy = C10000000000000000000001 /* PBXContainerItemProxy */; };
/* End PBXTargetDependency section */

/* Begin XCBuildConfiguration section */
		D10000000000000000000010 /* Debug */ = {isa = XCBuildConfiguration; buildSettings = {CLANG_ENABLE_MODULES = YES; MACOSX_DEPLOYMENT_TARGET = 14.0; SDKROOT = macosx; SWIFT_ACTIVE_COMPILATION_CONDITIONS = DEBUG; SWIFT_VERSION = 5.0; }; name = Debug; };
		D10000000000000000000011 /* Release */ = {isa = XCBuildConfiguration; buildSettings = {CLANG_ENABLE_MODULES = YES; MACOSX_DEPLOYMENT_TARGET = 14.0; SDKROOT = macosx; SWIFT_COMPILATION_MODE = wholemodule; SWIFT_VERSION = 5.0; }; name = Release; };
		D10000000000000000000012 /* Debug */ = {
			isa = XCBuildConfiguration;
			buildSettings = {
				CODE_SIGN_STYLE = Automatic;
				CODE_SIGN_ENTITLEMENTS = UDL/UDL.entitlements;
				COMBINE_HIDPI_IMAGES = YES;
				CURRENT_PROJECT_VERSION = 1;
				ENABLE_HARDENED_RUNTIME = YES;
				ENABLE_APP_SANDBOX = NO;
				ENABLE_USER_SCRIPT_SANDBOXING = NO;
				GENERATE_INFOPLIST_FILE = NO;
				INFOPLIST_FILE = UDL/Info.plist;
				MACOSX_DEPLOYMENT_TARGET = 14.0;
				MARKETING_VERSION = 0.1.0;
				PRODUCT_BUNDLE_IDENTIFIER = com.jaa.udl;
				PRODUCT_NAME = "$(TARGET_NAME)";
				SWIFT_EMIT_LOC_STRINGS = YES;
				SWIFT_STRICT_CONCURRENCY = minimal;
				SWIFT_VERSION = 5.0;
			};
			name = Debug;
		};
		D10000000000000000000013 /* Release */ = {
			isa = XCBuildConfiguration;
			buildSettings = {
				CODE_SIGN_STYLE = Automatic;
				CODE_SIGN_ENTITLEMENTS = UDL/UDL.entitlements;
				COMBINE_HIDPI_IMAGES = YES;
				CURRENT_PROJECT_VERSION = 1;
				ENABLE_HARDENED_RUNTIME = YES;
				ENABLE_APP_SANDBOX = NO;
				ENABLE_USER_SCRIPT_SANDBOXING = NO;
				GENERATE_INFOPLIST_FILE = NO;
				INFOPLIST_FILE = UDL/Info.plist;
				MACOSX_DEPLOYMENT_TARGET = 14.0;
				MARKETING_VERSION = 0.1.0;
				PRODUCT_BUNDLE_IDENTIFIER = com.jaa.udl;
				PRODUCT_NAME = "$(TARGET_NAME)";
				SWIFT_COMPILATION_MODE = wholemodule;
				SWIFT_STRICT_CONCURRENCY = minimal;
				SWIFT_VERSION = 5.0;
			};
			name = Release;
		};
		D10000000000000000000014 /* Debug */ = {
			isa = XCBuildConfiguration;
			buildSettings = {
				BUNDLE_LOADER = "$(TEST_HOST)";
				CODE_SIGN_STYLE = Automatic;
				GENERATE_INFOPLIST_FILE = YES;
				MACOSX_DEPLOYMENT_TARGET = 14.0;
				PRODUCT_BUNDLE_IDENTIFIER = com.jaa.udl.tests;
				PRODUCT_NAME = "$(TARGET_NAME)";
				SWIFT_STRICT_CONCURRENCY = minimal;
				SWIFT_VERSION = 5.0;
				TEST_HOST = "$(BUILT_PRODUCTS_DIR)/UDL.app/Contents/MacOS/UDL";
			};
			name = Debug;
		};
		D10000000000000000000015 /* Release */ = {
			isa = XCBuildConfiguration;
			buildSettings = {
				BUNDLE_LOADER = "$(TEST_HOST)";
				CODE_SIGN_STYLE = Automatic;
				GENERATE_INFOPLIST_FILE = YES;
				MACOSX_DEPLOYMENT_TARGET = 14.0;
				PRODUCT_BUNDLE_IDENTIFIER = com.jaa.udl.tests;
				PRODUCT_NAME = "$(TARGET_NAME)";
				SWIFT_STRICT_CONCURRENCY = minimal;
				SWIFT_VERSION = 5.0;
				TEST_HOST = "$(BUILT_PRODUCTS_DIR)/UDL.app/Contents/MacOS/UDL";
			};
			name = Release;
		};
/* End XCBuildConfiguration section */

/* Begin XCConfigurationList section */
		D10000000000000000000005 /* Build configuration list for PBXProject "UDL" */ = {isa = XCConfigurationList; buildConfigurations = (D10000000000000000000010 /* Debug */, D10000000000000000000011 /* Release */); defaultConfigurationIsVisible = 0; defaultConfigurationName = Release; };
		D10000000000000000000006 /* Build configuration list for PBXNativeTarget "UDL" */ = {isa = XCConfigurationList; buildConfigurations = (D10000000000000000000012 /* Debug */, D10000000000000000000013 /* Release */); defaultConfigurationIsVisible = 0; defaultConfigurationName = Release; };
		D10000000000000000000007 /* Build configuration list for PBXNativeTarget "UDLTests" */ = {isa = XCConfigurationList; buildConfigurations = (D10000000000000000000014 /* Debug */, D10000000000000000000015 /* Release */); defaultConfigurationIsVisible = 0; defaultConfigurationName = Release; };
/* End XCConfigurationList section */
	};
	rootObject = D10000000000000000000001 /* Project object */;
}
