<?xml version="1.0" encoding="UTF-8"?>
<Scheme LastUpgradeVersion="2600" version="1.7">
   <BuildAction parallelizeBuildables="YES" buildImplicitDependencies="YES">
      <BuildActionEntries>
         <BuildActionEntry buildForTesting="YES" buildForRunning="YES" buildForProfiling="YES" buildForArchiving="YES" buildForAnalyzing="YES">
            <BuildableReference BuildableIdentifier="primary" BlueprintIdentifier="D10000000000000000000002" BuildableName="UDL.app" BlueprintName="UDL" ReferencedContainer="container:UDL.xcodeproj"/>
         </BuildActionEntry>
         <BuildActionEntry buildForTesting="YES" buildForRunning="NO" buildForProfiling="NO" buildForArchiving="NO" buildForAnalyzing="YES">
            <BuildableReference BuildableIdentifier="primary" BlueprintIdentifier="D10000000000000000000003" BuildableName="UDLTests.xctest" BlueprintName="UDLTests" ReferencedContainer="container:UDL.xcodeproj"/>
         </BuildActionEntry>
      </BuildActionEntries>
   </BuildAction>
   <TestAction buildConfiguration="Debug" selectedDebuggerIdentifier="Xcode.DebuggerFoundation.Debugger.LLDB" selectedLauncherIdentifier="Xcode.DebuggerFoundation.Launcher.LLDB" shouldUseLaunchSchemeArgsEnv="YES">
      <Testables>
         <TestableReference skipped="NO">
            <BuildableReference BuildableIdentifier="primary" BlueprintIdentifier="D10000000000000000000003" BuildableName="UDLTests.xctest" BlueprintName="UDLTests" ReferencedContainer="container:UDL.xcodeproj"/>
         </TestableReference>
      </Testables>
   </TestAction>
   <LaunchAction buildConfiguration="Debug" selectedDebuggerIdentifier="Xcode.DebuggerFoundation.Debugger.LLDB" selectedLauncherIdentifier="Xcode.DebuggerFoundation.Launcher.LLDB" launchStyle="0" useCustomWorkingDirectory="YES" customWorkingDirectory="$(PROJECT_DIR)/.." ignoresPersistentStateOnLaunch="NO" debugDocumentVersioning="YES" allowLocationSimulation="YES">
      <BuildableProductRunnable runnableDebuggingMode="0">
         <BuildableReference BuildableIdentifier="primary" BlueprintIdentifier="D10000000000000000000002" BuildableName="UDL.app" BlueprintName="UDL" ReferencedContainer="container:UDL.xcodeproj"/>
      </BuildableProductRunnable>
      <EnvironmentVariables>
         <EnvironmentVariable key="UDL_DEVELOPMENT_BINARY" value="$(PROJECT_DIR)/../bin/udl" isEnabled="YES"/>
      </EnvironmentVariables>
   </LaunchAction>
   <ProfileAction buildConfiguration="Release" shouldUseLaunchSchemeArgsEnv="YES" savedToolIdentifier="" useCustomWorkingDirectory="NO" debugDocumentVersioning="YES">
      <BuildableProductRunnable runnableDebuggingMode="0">
         <BuildableReference BuildableIdentifier="primary" BlueprintIdentifier="D10000000000000000000002" BuildableName="UDL.app" BlueprintName="UDL" ReferencedContainer="container:UDL.xcodeproj"/>
      </BuildableProductRunnable>
   </ProfileAction>
   <AnalyzeAction buildConfiguration="Debug"/>
   <ArchiveAction buildConfiguration="Release" revealArchiveInOrganizer="YES"/>
</Scheme>
